
Microsoft Visual Studio Solution File, Format Version 12.00
# Visual Studio Version 16
VisualStudioVersion = 16.0.30907.101
MinimumVisualStudioVersion = 10.0.40219.1
Project("{F184B08F-C81C-45F6-A57F-5ABD9991F28F}") = "hillpp5", "hillpp5.vbproj", "{E824A14A-E7D6-4C34-B59C-14647ED4A416}"
EndProject
Global
	GlobalSection(SolutionConfigurationPlatforms) = preSolution
		Debug|Any CPU = Debug|Any CPU
		Release|Any CPU = Release|Any CPU
	EndGlobalSection
	GlobalSection(ProjectConfigurationPlatforms) = postSolution
		{E824A14A-E7D6-4C34-B59C-14647ED4A416}.Debug|Any CPU.ActiveCfg = Debug|Any CPU
		{E824A14A-E7D6-4C34-B59C-14647ED4A416}.Debug|Any CPU.Build.0 = Debug|Any CPU
		{E824A14A-E7D6-4C34-B59C-14647ED4A416}.Release|Any CPU.ActiveCfg = Release|Any CPU
		{E824A14A-E7D6-4C34-B59C-14647ED4A416}.Release|Any CPU.Build.0 = Release|Any CPU
	EndGlobalSection
	GlobalSection(SolutionProperties) = preSolution
		HideSolutionNode = FALSE
	EndGlobalSection
	GlobalSection(ExtensibilityGlobals) = postSolution
		SolutionGuid = {5F289FBD-59B4-4A36-B569-9089473E8328}
	EndGlobalSection
EndGlobal
