
Microsoft Visual Studio Solution File, Format Version 12.00
# Visual Studio Version 16
VisualStudioVersion = 16.0.31112.23
MinimumVisualStudioVersion = 10.0.40219.1
Project("{F184B08F-C81C-45F6-A57F-5ABD9991F28F}") = "HillPP8", "HillPP8.vbproj", "{A29F8E39-D522-4A89-A5EC-58137C9407D2}"
EndProject
Global
	GlobalSection(SolutionConfigurationPlatforms) = preSolution
		Debug|Any CPU = Debug|Any CPU
		Release|Any CPU = Release|Any CPU
	EndGlobalSection
	GlobalSection(ProjectConfigurationPlatforms) = postSolution
		{A29F8E39-D522-4A89-A5EC-58137C9407D2}.Debug|Any CPU.ActiveCfg = Debug|Any CPU
		{A29F8E39-D522-4A89-A5EC-58137C9407D2}.Debug|Any CPU.Build.0 = Debug|Any CPU
		{A29F8E39-D522-4A89-A5EC-58137C9407D2}.Release|Any CPU.ActiveCfg = Release|Any CPU
		{A29F8E39-D522-4A89-A5EC-58137C9407D2}.Release|Any CPU.Build.0 = Release|Any CPU
	EndGlobalSection
	GlobalSection(SolutionProperties) = preSolution
		HideSolutionNode = FALSE
	EndGlobalSection
	GlobalSection(ExtensibilityGlobals) = postSolution
		SolutionGuid = {F92F94DF-FB30-4601-95DD-BD7E8F5B5289}
	EndGlobalSection
EndGlobal
